// !$*UTF8*$!
{
	archiveVersion = 1;
	classes = {
	};
	objectVersion = 77;
	objects = {

/* Begin PBXBuildFile section */
		03EBD8FB973DF9B77025F604 /* Gate.swift in Sources */ = {isa = PBXBuildFile; fileRef = 581F2B7A63BB7982DDA99718 /* Gate.swift */; };
		041075AE50C5921AD5BB50B4 /* GameConstants.swift in Sources */ = {isa = PBXBuildFile; fileRef = BE4987BB959DE500D8690D10 /* GameConstants.swift */; };
		0469684194DF9436A167389F /* GameState.swift in Sources */ = {isa = PBXBuildFile; fileRef = 559FF82991F60CAEC0EA520B /* GameState.swift */; };
		0597B9ABB5A9EB1C27DB95C6 /* BoundarySlot.swift in Sources */ = {isa = PBXBuildFile; fileRef = 2754E62DE48BB819E167C7B5 /* BoundarySlot.swift */; };
		0C4AE45F9D2F6B341B71D602 /* LevelLoader.swift in Sources */ = {isa = PBXBuildFile; fileRef = 54A77DA33EF44B5FEB29DD63 /* LevelLoader.swift */; };
		0F6C98DD5D4AD798FF294347 /* CheckpointManager.swift in Sources */ = {isa = PBXBuildFile; fileRef = B44EF78DCDDEF0E1AA50C57B /* CheckpointManager.swift */; };
		129FF894D449D9755FB70625 /* Gameplay.atlas in Resources */ = {isa = PBXBuildFile; fileRef = B747D9FE131179F522E9831E /* Gameplay.atlas */; };
		12DC8B004121003C21B6F83C /* KitaQueueTests.swift in Sources */ = {isa = PBXBuildFile; fileRef = 8D4E5AB1CA21499603DD5863 /* KitaQueueTests.swift */; };
		148C4AC110BF9EA1AEC5B8B4 /* DailyStateModel.swift in Sources */ = {isa = PBXBuildFile; fileRef = CB97B1E060C1896E6BD20DB4 /* DailyStateModel.swift */; };
		16084B72C9B86603E5065D44 /* PlayerInput.swift in Sources */ = {isa = PBXBuildFile; fileRef = 3D1A5264F95A244EA41D6ABE /* PlayerInput.swift */; };
		16FFC57B4C0B0538260F8FD0 /* level_007.json in Resources */ = {isa = PBXBuildFile; fileRef = 2555987373BAB7D2F129A259 /* level_007.json */; };
		174EF0B777582638BCF0FD9E /* AdPolicyTests.swift in Sources */ = {isa = PBXBuildFile; fileRef = 56099BF90468BAA65D9EAB60 /* AdPolicyTests.swift */; };
		17AF4695DE487E0879D2BDB1 /* GhostPreviewNode.swift in Sources */ = {isa = PBXBuildFile; fileRef = 65EF3B30E20226808C690560 /* GhostPreviewNode.swift */; };
		19075BE9AA7CA37A78F92EC1 /* SettingsView.swift in Sources */ = {isa = PBXBuildFile; fileRef = 3ECED8188A02303A361E595D /* SettingsView.swift */; };
		1C61A3AC7AB72605778AFECE /* UserSettings.swift in Sources */ = {isa = PBXBuildFile; fileRef = F43C79B809E554BC651CF704 /* UserSettings.swift */; };
		21A7394E142AA3CA8AE6098F /* TutorialOverlayNode.swift in Sources */ = {isa = PBXBuildFile; fileRef = 76910C69411D2C3911D3990B /* TutorialOverlayNode.swift */; };
		272956CEFECCCA12BFAF1C37 /* LayoutCalculator.swift in Sources */ = {isa = PBXBuildFile; fileRef = B13052B006D8DAF8D8A6C5AB /* LayoutCalculator.swift */; };
		2906275980FF9E944D4DC3ED /* level_006.json in Resources */ = {isa = PBXBuildFile; fileRef = C623322F63436E2447DB81A2 /* level_006.json */; };
		2B82ECD6DFF2D906CE221C36 /* GateNode.swift in Sources */ = {isa = PBXBuildFile; fileRef = C22ADB2D94FE03315568C4B8 /* GateNode.swift */; };
		2E520D8133E74E87593EAEF0 /* InteractionProcessor.swift in Sources */ = {isa = PBXBuildFile; fileRef = 7D4096F4EC4C0BEB7F579250 /* InteractionProcessor.swift */; };
		2EBD2FD39922E65861634D5B /* SpawnStripNode.swift in Sources */ = {isa = PBXBuildFile; fileRef = EB92DBE610B286AB33BBF674 /* SpawnStripNode.swift */; };
		32A44D5737EA8968259AF324 /* OperatorNode.swift in Sources */ = {isa = PBXBuildFile; fileRef = 35E906ADB30446D6A5E01418 /* OperatorNode.swift */; };
		32E816AD8A251066195611A7 /* level_009.json in Resources */ = {isa = PBXBuildFile; fileRef = 330A8441D5E9A91F8D270BB9 /* level_009.json */; };
		334F5C471AD677C8CF0602B2 /* StubAdProvider.swift in Sources */ = {isa = PBXBuildFile; fileRef = F910F956C587EB1B7E393297 /* StubAdProvider.swift */; };
		382973887BC676EA27B47732 /* ShurikenNode.swift in Sources */ = {isa = PBXBuildFile; fileRef = B4A74C10B5D44B5426AF2088 /* ShurikenNode.swift */; };
		3837E924A3927A23FD1A8B18 /* InputRecorder.swift in Sources */ = {isa = PBXBuildFile; fileRef = EC3D14196FE273B0B79AE14F /* InputRecorder.swift */; };
		38D5314986A4EF8AC79865AC /* FailOverlayView.swift in Sources */ = {isa = PBXBuildFile; fileRef = 0AE42072D97A022D8744959E /* FailOverlayView.swift */; };
		3A830A084EF24A409F6D91F8 /* OperatorManager.swift in Sources */ = {isa = PBXBuildFile; fileRef = A34BD95EF03A748CB034FB1A /* OperatorManager.swift */; };
		3D0BBDADD6395B28A9B1EFDE /* AppState.swift in Sources */ = {isa = PBXBuildFile; fileRef = 66D3269B3265E420CCAADE2D /* AppState.swift */; };
		40A1DD6447DFB2140E6E5951 /* Operator.swift in Sources */ = {isa = PBXBuildFile; fileRef = 39D06E558827431EBC0F9EF9 /* Operator.swift */; };
		438FD202A6976327D9C57ACE /* ParticleFactory.swift in Sources */ = {isa = PBXBuildFile; fileRef = EF52882FC99CABD851F805BD /* ParticleFactory.swift */; };
		455B4940B238EEB39DDA47DB /* BankValidator.swift in Sources */ = {isa = PBXBuildFile; fileRef = BAF6EBB8129BE097B95EB3C6 /* BankValidator.swift */; };
		48BE22C8163297F10E3A8F0F /* SimulationTests.swift in Sources */ = {isa = PBXBuildFile; fileRef = C47EF165BF7D4CC0AF28714B /* SimulationTests.swift */; };
		49E21E91C91554142857FDA3 /* GameSimulation.swift in Sources */ = {isa = PBXBuildFile; fileRef = F1828AFBE324E65FF3F2120F /* GameSimulation.swift */; };
		4B38E6DA597C9BB284107A62 /* LaneRailNode.swift in Sources */ = {isa = PBXBuildFile; fileRef = 90F2BDC71E5099C16DFA51FA /* LaneRailNode.swift */; };
		4D2D54A50BB0443E950B2DAD /* GateTests.swift in Sources */ = {isa = PBXBuildFile; fileRef = 97E74B23D8815560609AEB8E /* GateTests.swift */; };
		5114BEAE613596408DFD19CC /* LevelSolverTests.swift in Sources */ = {isa = PBXBuildFile; fileRef = 03C8186A11CBEA9447CEBA3E /* LevelSolverTests.swift */; };
		526B672616C6BEDF9EEBA6B2 /* InputReplayer.swift in Sources */ = {isa = PBXBuildFile; fileRef = 58F4082E1B0DF31A108789D7 /* InputReplayer.swift */; };
		5582AE11C19A80A71F478065 /* BankNode.swift in Sources */ = {isa = PBXBuildFile; fileRef = C2DCE3A706E78D0E8B6556ED /* BankNode.swift */; };
		55D5DCD7E3880970AA71FF3D /* Shell.atlas in Resources */ = {isa = PBXBuildFile; fileRef = FEAA34B2BA98856DE8230922 /* Shell.atlas */; };
		5623F9B5C3283FB0F285B773 /* level_001.json in Resources */ = {isa = PBXBuildFile; fileRef = 01E871EB42C4C0246173C553 /* level_001.json */; };
		58AECF7F49A806C5A80A6ABB /* level_005.json in Resources */ = {isa = PBXBuildFile; fileRef = BB33CD86904B8ABBC7CB2459 /* level_005.json */; };
		5A7CBE5B7B27E45A3CFC0F9D /* GateProcessor.swift in Sources */ = {isa = PBXBuildFile; fileRef = 34941E2150B068C5B0573B33 /* GateProcessor.swift */; };
		5D879D6D436E2878838320AE /* level_003.json in Resources */ = {isa = PBXBuildFile; fileRef = 9E98DB7EC6EB4D0C51D1C379 /* level_003.json */; };
		601E4795B273F2095D6D5871 /* HUDNode.swift in Sources */ = {isa = PBXBuildFile; fileRef = D6CFBD2FBB1207F566FB5FA6 /* HUDNode.swift */; };
		61C16EF951ACC07DCD04DEE6 /* FailReason.swift in Sources */ = {isa = PBXBuildFile; fileRef = EC5F2B8D46918DC3A2CF39D7 /* FailReason.swift */; };
		65DD18C3624B6BDE076A4ED6 /* AdProviding.swift in Sources */ = {isa = PBXBuildFile; fileRef = 27BD0A78B2AFF560ABDC40F1 /* AdProviding.swift */; };
		6C2319F1B3924D65D279369A /* GameplayContainerView.swift in Sources */ = {isa = PBXBuildFile; fileRef = A94F6867AB85AF836D6A2FC8 /* GameplayContainerView.swift */; };
		6CC3A1F0C181229B70046F0F /* GameSceneCoordinator.swift in Sources */ = {isa = PBXBuildFile; fileRef = 184016EDB61E45DF58CD0D2E /* GameSceneCoordinator.swift */; };
		7047DC0871D790F9E86555CB /* AdManager.swift in Sources */ = {isa = PBXBuildFile; fileRef = C99E0D703413173F1B834B48 /* AdManager.swift */; };
		706E8C2525698044DEB4FECA /* GameStateHasher.swift in Sources */ = {isa = PBXBuildFile; fileRef = DC2B7F9B2C0637B7F8379EF6 /* GameStateHasher.swift */; };
		746F991A7BF6BA69C449DC7E /* CheckpointTests.swift in Sources */ = {isa = PBXBuildFile; fileRef = 26D93DA4ADD552CBD7820057 /* CheckpointTests.swift */; };
		765C4EADB4A610406F07A488 /* RootTabView.swift in Sources */ = {isa = PBXBuildFile; fileRef = 509B0B116F40917B4C5B26C8 /* RootTabView.swift */; };
		7C18A4818013E29283BB99D4 /* level_008.json in Resources */ = {isa = PBXBuildFile; fileRef = 4DD78A90C6BE9D5443EA1026 /* level_008.json */; };
		7DD860DC1D4331E6D379869E /* OperatorTests.swift in Sources */ = {isa = PBXBuildFile; fileRef = A0D2A1CA73115821A5E915B0 /* OperatorTests.swift */; };
		825112B425F0264713FFF53B /* PlayHubView.swift in Sources */ = {isa = PBXBuildFile; fileRef = D4303F9680F63D8A5104B739 /* PlayHubView.swift */; };
		843C70A5153CE4964E00AA1E /* IAPProducts.swift in Sources */ = {isa = PBXBuildFile; fileRef = E3EA3F33D8D7CF747C82D5AD /* IAPProducts.swift */; };
		87345BB798972E8EEFBEB47E /* StarCalculator.swift in Sources */ = {isa = PBXBuildFile; fileRef = 8DFA7317D7C0F7ABE4CB6903 /* StarCalculator.swift */; };
		8ACF2507201395EC6C802BBE /* ShurikenColor.swift in Sources */ = {isa = PBXBuildFile; fileRef = 8FC2F924FA5431EEBBB32D41 /* ShurikenColor.swift */; };
		90E354A0E78363CDACD760DA /* HapticManager.swift in Sources */ = {isa = PBXBuildFile; fileRef = CB20244A79CCF20772422BF3 /* HapticManager.swift */; };
		998B67A13667A9D17DA08888 /* AdPolicy.swift in Sources */ = {isa = PBXBuildFile; fileRef = 62A6394194A51A84D9D75E27 /* AdPolicy.swift */; };
		A09CE8DEE29D850B9B14C8C7 /* PlayerProgression.swift in Sources */ = {isa = PBXBuildFile; fileRef = E37D8D43D78EE02C6C5415D8 /* PlayerProgression.swift */; };
		A188254DDD20D4292E6BAA0F /* PlaceholderAssets.swift in Sources */ = {isa = PBXBuildFile; fileRef = 1A5CAC8EEECDDBFF44547AAE /* PlaceholderAssets.swift */; };
		A519B8CB2F782D0FA8632474 /* SpawnManager.swift in Sources */ = {isa = PBXBuildFile; fileRef = C9DE3D33EA94593F9FE945D7 /* SpawnManager.swift */; };
		AD9700C912AB9C9151557F8D /* LevelDataTests.swift in Sources */ = {isa = PBXBuildFile; fileRef = 1C7F73C31A0795749A83E13B /* LevelDataTests.swift */; };
		B33F08240789ED20D7EC1142 /* ShopView.swift in Sources */ = {isa = PBXBuildFile; fileRef = A94EB9DE96CA5DFAA9EA4512 /* ShopView.swift */; };
		B4399FF484AB614EB2CB6709 /* DailyView.swift in Sources */ = {isa = PBXBuildFile; fileRef = E4CA8AB2A53309D0945BF882 /* DailyView.swift */; };
		B9EAF433AE0B71173E607488 /* level_002.json in Resources */ = {isa = PBXBuildFile; fileRef = 02AB0155E79F8F14212282CA /* level_002.json */; };
		BA52B694BCE0491945B59B74 /* QuestRowView.swift in Sources */ = {isa = PBXBuildFile; fileRef = 84EED85E77B166B8DD26E873 /* QuestRowView.swift */; };
		C19B791977FCDD766BF4450C /* PauseMenuView.swift in Sources */ = {isa = PBXBuildFile; fileRef = 24B7E78710C23AC3D91620F7 /* PauseMenuView.swift */; };
		C5E7F02D579E7B34AD477CFD /* GameScene.swift in Sources */ = {isa = PBXBuildFile; fileRef = AD35CA77AA99F4117B99EEC1 /* GameScene.swift */; };
		D348ECC2FCADD2BE37CDBBA5 /* WinOverlayView.swift in Sources */ = {isa = PBXBuildFile; fileRef = EE6F2782DBBE55559A80F7F1 /* WinOverlayView.swift */; };
		D768C4862956D247857AAB12 /* Assets.xcassets in Resources */ = {isa = PBXBuildFile; fileRef = 6685707BB133EA55AC619473 /* Assets.xcassets */; };
		D8A8C43BE467486533E2585F /* ProductCardView.swift in Sources */ = {isa = PBXBuildFile; fileRef = B01241E800483E295CB0A2FA /* ProductCardView.swift */; };
		D8CB51098CF48DF86C18C34A /* level_010.json in Resources */ = {isa = PBXBuildFile; fileRef = AAA75E072030FE13F7B9A469 /* level_010.json */; };
		DB20F043EDA964AD82C7AFD0 /* CopyModel.swift in Sources */ = {isa = PBXBuildFile; fileRef = AAA4B483A3C4E5773B2DD8D0 /* CopyModel.swift */; };
		DB4ED357DB82400C364E53B9 /* DeterminismTests.swift in Sources */ = {isa = PBXBuildFile; fileRef = C8B47C975C0ACD26A2C33B6F /* DeterminismTests.swift */; };
		E79740A5C1CD54D6B4932A19 /* PersistenceService.swift in Sources */ = {isa = PBXBuildFile; fileRef = DDF2214CCECB1004BD484FA7 /* PersistenceService.swift */; };
		EA78CD366694D43DD610312C /* LevelData.swift in Sources */ = {isa = PBXBuildFile; fileRef = 325A085108151FF2F6317825 /* LevelData.swift */; };
		ECD6C4117C69EB666838ED98 /* Shuriken.swift in Sources */ = {isa = PBXBuildFile; fileRef = 0B2173138C2C313BEBDB054B /* Shuriken.swift */; };
		ED34836198B5B647C64F205D /* SoundManager.swift in Sources */ = {isa = PBXBuildFile; fileRef = E3F3B1A1B63B2578027ED504 /* SoundManager.swift */; };
		F12039CEA5A3C6DFDF823B5B /* BankingTests.swift in Sources */ = {isa = PBXBuildFile; fileRef = 135562D7B8D6846552C11224 /* BankingTests.swift */; };
		F74BD85C1D7994E47688D0A0 /* level_004.json in Resources */ = {isa = PBXBuildFile; fileRef = 78603F7D5A4C3DBE387E31CB /* level_004.json */; };
		F7A0DA7145EFA0CBCA9D93DC /* IAPManager.swift in Sources */ = {isa = PBXBuildFile; fileRef = 59C527855E44F8202EF2A4AC /* IAPManager.swift */; };
		F94DE0C173743E6B2E6DC8BF /* NinjaNode.swift in Sources */ = {isa = PBXBuildFile; fileRef = 83AF6C9F812AB3AF43EF7B29 /* NinjaNode.swift */; };
		FB5C6185F473E62A8857BC3F /* KitaQueueApp.swift in Sources */ = {isa = PBXBuildFile; fileRef = 3E63F4D7449FCF1295F075F9 /* KitaQueueApp.swift */; };
/* End PBXBuildFile section */

/* Begin PBXContainerItemProxy section */
		38BF91166FBE53AC0250B701 /* PBXContainerItemProxy */ = {
			isa = PBXContainerItemProxy;
			containerPortal = F74938F59D05393A18B94737 /* Project object */;
			proxyType = 1;
			remoteGlobalIDString = A6045BF52A17B8D5FC973A70;
			remoteInfo = KitaQueue_v2;
		};
/* End PBXContainerItemProxy section */

/* Begin PBXFileReference section */
		01E871EB42C4C0246173C553 /* level_001.json */ = {isa = PBXFileReference; lastKnownFileType = text.json; path = level_001.json; sourceTree = "<group>"; };
		02AB0155E79F8F14212282CA /* level_002.json */ = {isa = PBXFileReference; lastKnownFileType = text.json; path = level_002.json; sourceTree = "<group>"; };
		03C8186A11CBEA9447CEBA3E /* LevelSolverTests.swift */ = {isa = PBXFileReference; lastKnownFileType = sourcecode.swift; path = LevelSolverTests.swift; sourceTree = "<group>"; };
		0AE42072D97A022D8744959E /* FailOverlayView.swift */ = {isa = PBXFileReference; lastKnownFileType = sourcecode.swift; path = FailOverlayView.swift; sourceTree = "<group>"; };
		0B2173138C2C313BEBDB054B /* Shuriken.swift */ = {isa = PBXFileReference; lastKnownFileType = sourcecode.swift; path = Shuriken.swift; sourceTree = "<group>"; };
		135562D7B8D6846552C11224 /* BankingTests.swift */ = {isa = PBXFileReference; lastKnownFileType = sourcecode.swift; path = BankingTests.swift; sourceTree = "<group>"; };
		184016EDB61E45DF58CD0D2E /* GameSceneCoordinator.swift */ = {isa = PBXFileReference; lastKnownFileType = sourcecode.swift; path = GameSceneCoordinator.swift; sourceTree = "<group>"; };
		1A5CAC8EEECDDBFF44547AAE /* PlaceholderAssets.swift */ = {isa = PBXFileReference; lastKnownFileType = sourcecode.swift; path = PlaceholderAssets.swift; sourceTree = "<group>"; };
		1C7F73C31A0795749A83E13B /* LevelDataTests.swift */ = {isa = PBXFileReference; lastKnownFileType = sourcecode.swift; path = LevelDataTests.swift; sourceTree = "<group>"; };
		24B7E78710C23AC3D91620F7 /* PauseMenuView.swift */ = {isa = PBXFileReference; lastKnownFileType = sourcecode.swift; path = PauseMenuView.swift; sourceTree = "<group>"; };
		2555987373BAB7D2F129A259 /* level_007.json */ = {isa = PBXFileReference; lastKnownFileType = text.json; path = level_007.json; sourceTree = "<group>"; };
		26D93DA4ADD552CBD7820057 /* CheckpointTests.swift */ = {isa = PBXFileReference; lastKnownFileType = sourcecode.swift; path = CheckpointTests.swift; sourceTree = "<group>"; };
		2754E62DE48BB819E167C7B5 /* BoundarySlot.swift */ = {isa = PBXFileReference; lastKnownFileType = sourcecode.swift; path = BoundarySlot.swift; sourceTree = "<group>"; };
		27BD0A78B2AFF560ABDC40F1 /* AdProviding.swift */ = {isa = PBXFileReference; lastKnownFileType = sourcecode.swift; path = AdProviding.swift; sourceTree = "<group>"; };
		325A085108151FF2F6317825 /* LevelData.swift */ = {isa = PBXFileReference; lastKnownFileType = sourcecode.swift; path = LevelData.swift; sourceTree = "<group>"; };
		330A8441D5E9A91F8D270BB9 /* level_009.json */ = {isa = PBXFileReference; lastKnownFileType = text.json; path = level_009.json; sourceTree = "<group>"; };
		34941E2150B068C5B0573B33 /* GateProcessor.swift */ = {isa = PBXFileReference; lastKnownFileType = sourcecode.swift; path = GateProcessor.swift; sourceTree = "<group>"; };
		35E906ADB30446D6A5E01418 /* OperatorNode.swift */ = {isa = PBXFileReference; lastKnownFileType = sourcecode.swift; path = OperatorNode.swift; sourceTree = "<group>"; };
		39D06E558827431EBC0F9EF9 /* Operator.swift */ = {isa = PBXFileReference; lastKnownFileType = sourcecode.swift; path = Operator.swift; sourceTree = "<group>"; };
		3D1A5264F95A244EA41D6ABE /* PlayerInput.swift */ = {isa = PBXFileReference; lastKnownFileType = sourcecode.swift; path = PlayerInput.swift; sourceTree = "<group>"; };
		3E63F4D7449FCF1295F075F9 /* KitaQueueApp.swift */ = {isa = PBXFileReference; lastKnownFileType = sourcecode.swift; path = KitaQueueApp.swift; sourceTree = "<group>"; };
		3ECED8188A02303A361E595D /* SettingsView.swift */ = {isa = PBXFileReference; lastKnownFileType = sourcecode.swift; path = SettingsView.swift; sourceTree = "<group>"; };
		4DD78A90C6BE9D5443EA1026 /* level_008.json */ = {isa = PBXFileReference; lastKnownFileType = text.json; path = level_008.json; sourceTree = "<group>"; };
		509B0B116F40917B4C5B26C8 /* RootTabView.swift */ = {isa = PBXFileReference; lastKnownFileType = sourcecode.swift; path = RootTabView.swift; sourceTree = "<group>"; };
		54A77DA33EF44B5FEB29DD63 /* LevelLoader.swift */ = {isa = PBXFileReference; lastKnownFileType = sourcecode.swift; path = LevelLoader.swift; sourceTree = "<group>"; };
		559FF82991F60CAEC0EA520B /* GameState.swift */ = {isa = PBXFileReference; lastKnownFileType = sourcecode.swift; path = GameState.swift; sourceTree = "<group>"; };
		56099BF90468BAA65D9EAB60 /* AdPolicyTests.swift */ = {isa = PBXFileReference; lastKnownFileType = sourcecode.swift; path = AdPolicyTests.swift; sourceTree = "<group>"; };
		581F2B7A63BB7982DDA99718 /* Gate.swift */ = {isa = PBXFileReference; lastKnownFileType = sourcecode.swift; path = Gate.swift; sourceTree = "<group>"; };
		58F4082E1B0DF31A108789D7 /* InputReplayer.swift */ = {isa = PBXFileReference; lastKnownFileType = sourcecode.swift; path = InputReplayer.swift; sourceTree = "<group>"; };
		59C527855E44F8202EF2A4AC /* IAPManager.swift */ = {isa = PBXFileReference; lastKnownFileType = sourcecode.swift; path = IAPManager.swift; sourceTree = "<group>"; };
		62A6394194A51A84D9D75E27 /* AdPolicy.swift */ = {isa = PBXFileReference; lastKnownFileType = sourcecode.swift; path = AdPolicy.swift; sourceTree = "<group>"; };
		65EF3B30E20226808C690560 /* GhostPreviewNode.swift */ = {isa = PBXFileReference; lastKnownFileType = sourcecode.swift; path = GhostPreviewNode.swift; sourceTree = "<group>"; };
		6685707BB133EA55AC619473 /* Assets.xcassets */ = {isa = PBXFileReference; lastKnownFileType = folder.assetcatalog; path = Assets.xcassets; sourceTree = "<group>"; };
		66D3269B3265E420CCAADE2D /* AppState.swift */ = {isa = PBXFileReference; lastKnownFileType = sourcecode.swift; path = AppState.swift; sourceTree = "<group>"; };
		76910C69411D2C3911D3990B /* TutorialOverlayNode.swift */ = {isa = PBXFileReference; lastKnownFileType = sourcecode.swift; path = TutorialOverlayNode.swift; sourceTree = "<group>"; };
		78603F7D5A4C3DBE387E31CB /* level_004.json */ = {isa = PBXFileReference; lastKnownFileType = text.json; path = level_004.json; sourceTree = "<group>"; };
		7D4096F4EC4C0BEB7F579250 /* InteractionProcessor.swift */ = {isa = PBXFileReference; lastKnownFileType = sourcecode.swift; path = InteractionProcessor.swift; sourceTree = "<group>"; };
		83AF6C9F812AB3AF43EF7B29 /* NinjaNode.swift */ = {isa = PBXFileReference; lastKnownFileType = sourcecode.swift; path = NinjaNode.swift; sourceTree = "<group>"; };
		84EED85E77B166B8DD26E873 /* QuestRowView.swift */ = {isa = PBXFileReference; lastKnownFileType = sourcecode.swift; path = QuestRowView.swift; sourceTree = "<group>"; };
		86A55DBCED0B248C42EF1650 /* KitaQueue_v2Tests.xctest */ = {isa = PBXFileReference; includeInIndex = 0; lastKnownFileType = wrapper.cfbundle; path = KitaQueue_v2Tests.xctest; sourceTree = BUILT_PRODUCTS_DIR; };
		8D4E5AB1CA21499603DD5863 /* KitaQueueTests.swift */ = {isa = PBXFileReference; lastKnownFileType = sourcecode.swift; path = KitaQueueTests.swift; sourceTree = "<group>"; };
		8DFA7317D7C0F7ABE4CB6903 /* StarCalculator.swift */ = {isa = PBXFileReference; lastKnownFileType = sourcecode.swift; path = StarCalculator.swift; sourceTree = "<group>"; };
		8FC2F924FA5431EEBBB32D41 /* ShurikenColor.swift */ = {isa = PBXFileReference; lastKnownFileType = sourcecode.swift; path = ShurikenColor.swift; sourceTree = "<group>"; };
		90F2BDC71E5099C16DFA51FA /* LaneRailNode.swift */ = {isa = PBXFileReference; lastKnownFileType = sourcecode.swift; path = LaneRailNode.swift; sourceTree = "<group>"; };
		97E74B23D8815560609AEB8E /* GateTests.swift */ = {isa = PBXFileReference; lastKnownFileType = sourcecode.swift; path = GateTests.swift; sourceTree = "<group>"; };
		9E98DB7EC6EB4D0C51D1C379 /* level_003.json */ = {isa = PBXFileReference; lastKnownFileType = text.json; path = level_003.json; sourceTree = "<group>"; };
		A0D2A1CA73115821A5E915B0 /* OperatorTests.swift */ = {isa = PBXFileReference; lastKnownFileType = sourcecode.swift; path = OperatorTests.swift; sourceTree = "<group>"; };
		A1D7CE37B026A213EFD5217C /* KitaQueue_v2.app */ = {isa = PBXFileReference; includeInIndex = 0; lastKnownFileType = wrapper.application; path = KitaQueue_v2.app; sourceTree = BUILT_PRODUCTS_DIR; };
		A34BD95EF03A748CB034FB1A /* OperatorManager.swift */ = {isa = PBXFileReference; lastKnownFileType = sourcecode.swift; path = OperatorManager.swift; sourceTree = "<group>"; };
		A94EB9DE96CA5DFAA9EA4512 /* ShopView.swift */ = {isa = PBXFileReference; lastKnownFileType = sourcecode.swift; path = ShopView.swift; sourceTree = "<group>"; };
		A94F6867AB85AF836D6A2FC8 /* GameplayContainerView.swift */ = {isa = PBXFileReference; lastKnownFileType = sourcecode.swift; path = GameplayContainerView.swift; sourceTree = "<group>"; };
		AAA4B483A3C4E5773B2DD8D0 /* CopyModel.swift */ = {isa = PBXFileReference; lastKnownFileType = sourcecode.swift; path = CopyModel.swift; sourceTree = "<group>"; };
		AAA75E072030FE13F7B9A469 /* level_010.json */ = {isa = PBXFileReference; lastKnownFileType = text.json; path = level_010.json; sourceTree = "<group>"; };
		AD35CA77AA99F4117B99EEC1 /* GameScene.swift */ = {isa = PBXFileReference; lastKnownFileType = sourcecode.swift; path = GameScene.swift; sourceTree = "<group>"; };
		B01241E800483E295CB0A2FA /* ProductCardView.swift */ = {isa = PBXFileReference; lastKnownFileType = sourcecode.swift; path = ProductCardView.swift; sourceTree = "<group>"; };
		B13052B006D8DAF8D8A6C5AB /* LayoutCalculator.swift */ = {isa = PBXFileReference; lastKnownFileType = sourcecode.swift; path = LayoutCalculator.swift; sourceTree = "<group>"; };
		B44EF78DCDDEF0E1AA50C57B /* CheckpointManager.swift */ = {isa = PBXFileReference; lastKnownFileType = sourcecode.swift; path = CheckpointManager.swift; sourceTree = "<group>"; };
		B4A74C10B5D44B5426AF2088 /* ShurikenNode.swift */ = {isa = PBXFileReference; lastKnownFileType = sourcecode.swift; path = ShurikenNode.swift; sourceTree = "<group>"; };
		B747D9FE131179F522E9831E /* Gameplay.atlas */ = {isa = PBXFileReference; lastKnownFileType = folder.skatlas; path = Gameplay.atlas; sourceTree = "<group>"; };
		BAF6EBB8129BE097B95EB3C6 /* BankValidator.swift */ = {isa = PBXFileReference; lastKnownFileType = sourcecode.swift; path = BankValidator.swift; sourceTree = "<group>"; };
		BB33CD86904B8ABBC7CB2459 /* level_005.json */ = {isa = PBXFileReference; lastKnownFileType = text.json; path = level_005.json; sourceTree = "<group>"; };
		BE4987BB959DE500D8690D10 /* GameConstants.swift */ = {isa = PBXFileReference; lastKnownFileType = sourcecode.swift; path = GameConstants.swift; sourceTree = "<group>"; };
		C22ADB2D94FE03315568C4B8 /* GateNode.swift */ = {isa = PBXFileReference; lastKnownFileType = sourcecode.swift; path = GateNode.swift; sourceTree = "<group>"; };
		C2DCE3A706E78D0E8B6556ED /* BankNode.swift */ = {isa = PBXFileReference; lastKnownFileType = sourcecode.swift; path = BankNode.swift; sourceTree = "<group>"; };
		C47EF165BF7D4CC0AF28714B /* SimulationTests.swift */ = {isa = PBXFileReference; lastKnownFileType = sourcecode.swift; path = SimulationTests.swift; sourceTree = "<group>"; };
		C623322F63436E2447DB81A2 /* level_006.json */ = {isa = PBXFileReference; lastKnownFileType = text.json; path = level_006.json; sourceTree = "<group>"; };
		C78EBBE1FB4336A7B1F09619 /* Info.plist */ = {isa = PBXFileReference; lastKnownFileType = text.plist; path = Info.plist; sourceTree = "<group>"; };
		C8B47C975C0ACD26A2C33B6F /* DeterminismTests.swift */ = {isa = PBXFileReference; lastKnownFileType = sourcecode.swift; path = DeterminismTests.swift; sourceTree = "<group>"; };
		C99E0D703413173F1B834B48 /* AdManager.swift */ = {isa = PBXFileReference; lastKnownFileType = sourcecode.swift; path = AdManager.swift; sourceTree = "<group>"; };
		C9DE3D33EA94593F9FE945D7 /* SpawnManager.swift */ = {isa = PBXFileReference; lastKnownFileType = sourcecode.swift; path = SpawnManager.swift; sourceTree = "<group>"; };
		CB20244A79CCF20772422BF3 /* HapticManager.swift */ = {isa = PBXFileReference; lastKnownFileType = sourcecode.swift; path = HapticManager.swift; sourceTree = "<group>"; };
		CB97B1E060C1896E6BD20DB4 /* DailyStateModel.swift */ = {isa = PBXFileReference; lastKnownFileType = sourcecode.swift; path = DailyStateModel.swift; sourceTree = "<group>"; };
		D4303F9680F63D8A5104B739 /* PlayHubView.swift */ = {isa = PBXFileReference; lastKnownFileType = sourcecode.swift; path = PlayHubView.swift; sourceTree = "<group>"; };
		D6CFBD2FBB1207F566FB5FA6 /* HUDNode.swift */ = {isa = PBXFileReference; lastKnownFileType = sourcecode.swift; path = HUDNode.swift; sourceTree = "<group>"; };
		DC2B7F9B2C0637B7F8379EF6 /* GameStateHasher.swift */ = {isa = PBXFileReference; lastKnownFileType = sourcecode.swift; path = GameStateHasher.swift; sourceTree = "<group>"; };
		DDF2214CCECB1004BD484FA7 /* PersistenceService.swift */ = {isa = PBXFileReference; lastKnownFileType = sourcecode.swift; path = PersistenceService.swift; sourceTree = "<group>"; };
		E37D8D43D78EE02C6C5415D8 /* PlayerProgression.swift */ = {isa = PBXFileReference; lastKnownFileType = sourcecode.swift; path = PlayerProgression.swift; sourceTree = "<group>"; };
		E3EA3F33D8D7CF747C82D5AD /* IAPProducts.swift */ = {isa = PBXFileReference; lastKnownFileType = sourcecode.swift; path = IAPProducts.swift; sourceTree = "<group>"; };
		E3F3B1A1B63B2578027ED504 /* SoundManager.swift */ = {isa = PBXFileReference; lastKnownFileType = sourcecode.swift; path = SoundManager.swift; sourceTree = "<group>"; };
		E4CA8AB2A53309D0945BF882 /* DailyView.swift */ = {isa = PBXFileReference; lastKnownFileType = sourcecode.swift; path = DailyView.swift; sourceTree = "<group>"; };
		EB92DBE610B286AB33BBF674 /* SpawnStripNode.swift */ = {isa = PBXFileReference; lastKnownFileType = sourcecode.swift; path = SpawnStripNode.swift; sourceTree = "<group>"; };
		EC3D14196FE273B0B79AE14F /* InputRecorder.swift */ = {isa = PBXFileReference; lastKnownFileType = sourcecode.swift; path = InputRecorder.swift; sourceTree = "<group>"; };
		EC5F2B8D46918DC3A2CF39D7 /* FailReason.swift */ = {isa = PBXFileReference; lastKnownFileType = sourcecode.swift; path = FailReason.swift; sourceTree = "<group>"; };
		EE6F2782DBBE55559A80F7F1 /* WinOverlayView.swift */ = {isa = PBXFileReference; lastKnownFileType = sourcecode.swift; path = WinOverlayView.swift; sourceTree = "<group>"; };
		EF52882FC99CABD851F805BD /* ParticleFactory.swift */ = {isa = PBXFileReference; lastKnownFileType = sourcecode.swift; path = ParticleFactory.swift; sourceTree = "<group>"; };
		F1828AFBE324E65FF3F2120F /* GameSimulation.swift */ = {isa = PBXFileReference; lastKnownFileType = sourcecode.swift; path = GameSimulation.swift; sourceTree = "<group>"; };
		F43C79B809E554BC651CF704 /* UserSettings.swift */ = {isa = PBXFileReference; lastKnownFileType = sourcecode.swift; path = UserSettings.swift; sourceTree = "<group>"; };
		F910F956C587EB1B7E393297 /* StubAdProvider.swift */ = {isa = PBXFileReference; lastKnownFileType = sourcecode.swift; path = StubAdProvider.swift; sourceTree = "<group>"; };
		FEAA34B2BA98856DE8230922 /* Shell.atlas */ = {isa = PBXFileReference; lastKnownFileType = folder.skatlas; path = Shell.atlas; sourceTree = "<group>"; };
/* End PBXFileReference section */

/* Begin PBXGroup section */
		0D37F517DC0115F5BDDF0E1C /* Sounds */ = {
			isa = PBXGroup;
			children = (
			);
			path = Sounds;
			sourceTree = "<group>";
		};
		34590ABF41BBF1974FE1E5EA /* Play */ = {
			isa = PBXGroup;
			children = (
				0AE42072D97A022D8744959E /* FailOverlayView.swift */,
				A94F6867AB85AF836D6A2FC8 /* GameplayContainerView.swift */,
				24B7E78710C23AC3D91620F7 /* PauseMenuView.swift */,
				D4303F9680F63D8A5104B739 /* PlayHubView.swift */,
				3ECED8188A02303A361E595D /* SettingsView.swift */,
				EE6F2782DBBE55559A80F7F1 /* WinOverlayView.swift */,
			);
			path = Play;
			sourceTree = "<group>";
		};
		38E59F2D56B122D8DBCFDF61 /* Nodes */ = {
			isa = PBXGroup;
			children = (
				C2DCE3A706E78D0E8B6556ED /* BankNode.swift */,
				C22ADB2D94FE03315568C4B8 /* GateNode.swift */,
				65EF3B30E20226808C690560 /* GhostPreviewNode.swift */,
				D6CFBD2FBB1207F566FB5FA6 /* HUDNode.swift */,
				90F2BDC71E5099C16DFA51FA /* LaneRailNode.swift */,
				83AF6C9F812AB3AF43EF7B29 /* NinjaNode.swift */,
				35E906ADB30446D6A5E01418 /* OperatorNode.swift */,
				B4A74C10B5D44B5426AF2088 /* ShurikenNode.swift */,
				EB92DBE610B286AB33BBF674 /* SpawnStripNode.swift */,
				76910C69411D2C3911D3990B /* TutorialOverlayNode.swift */,
			);
			path = Nodes;
			sourceTree = "<group>";
		};
		3ACEA36B60E66593F0B1B997 /* Models */ = {
			isa = PBXGroup;
			children = (
				2754E62DE48BB819E167C7B5 /* BoundarySlot.swift */,
				EC5F2B8D46918DC3A2CF39D7 /* FailReason.swift */,
				BE4987BB959DE500D8690D10 /* GameConstants.swift */,
				559FF82991F60CAEC0EA520B /* GameState.swift */,
				581F2B7A63BB7982DDA99718 /* Gate.swift */,
				325A085108151FF2F6317825 /* LevelData.swift */,
				39D06E558827431EBC0F9EF9 /* Operator.swift */,
				3D1A5264F95A244EA41D6ABE /* PlayerInput.swift */,
				0B2173138C2C313BEBDB054B /* Shuriken.swift */,
				8FC2F924FA5431EEBBB32D41 /* ShurikenColor.swift */,
			);
			path = Models;
			sourceTree = "<group>";
		};
		3D70CFC2144D557FCF7C4E9B /* App */ = {
			isa = PBXGroup;
			children = (
				66D3269B3265E420CCAADE2D /* AppState.swift */,
				3E63F4D7449FCF1295F075F9 /* KitaQueueApp.swift */,
				509B0B116F40917B4C5B26C8 /* RootTabView.swift */,
			);
			path = App;
			sourceTree = "<group>";
		};
		44B3FBD64AFD641AD2198552 /* Persistence */ = {
			isa = PBXGroup;
			children = (
				CB97B1E060C1896E6BD20DB4 /* DailyStateModel.swift */,
				DDF2214CCECB1004BD484FA7 /* PersistenceService.swift */,
				E37D8D43D78EE02C6C5415D8 /* PlayerProgression.swift */,
				F43C79B809E554BC651CF704 /* UserSettings.swift */,
			);
			path = Persistence;
			sourceTree = "<group>";
		};
		661BB913A04EA07A6A729F10 /* Resources */ = {
			isa = PBXGroup;
			children = (
				0D37F517DC0115F5BDDF0E1C /* Sounds */,
				6685707BB133EA55AC619473 /* Assets.xcassets */,
				B747D9FE131179F522E9831E /* Gameplay.atlas */,
				FEAA34B2BA98856DE8230922 /* Shell.atlas */,
			);
			path = Resources;
			sourceTree = "<group>";
		};
		6C144A33F437A392FF3E4DF8 /* Rendering */ = {
			isa = PBXGroup;
			children = (
				38E59F2D56B122D8DBCFDF61 /* Nodes */,
				8CDB89177E384AA85F491961 /* VFX */,
				AD35CA77AA99F4117B99EEC1 /* GameScene.swift */,
				184016EDB61E45DF58CD0D2E /* GameSceneCoordinator.swift */,
				B13052B006D8DAF8D8A6C5AB /* LayoutCalculator.swift */,
			);
			path = Rendering;
			sourceTree = "<group>";
		};
		76B29948E8978286E4233B7C /* KitaQueue_v2 */ = {
			isa = PBXGroup;
			children = (
				3D70CFC2144D557FCF7C4E9B /* App */,
				DFC391BDB9A35BAE3C2D4737 /* Common */,
				AB91FE562ABC83C9567D467D /* GameEngine */,
				B43FC50C645875EFF407E8DC /* Levels */,
				6C144A33F437A392FF3E4DF8 /* Rendering */,
				661BB913A04EA07A6A729F10 /* Resources */,
				FA7875195D9906D09797CD1C /* Screens */,
				D12FBDBD3457F352F1B38D5F /* Services */,
				C78EBBE1FB4336A7B1F09619 /* Info.plist */,
			);
			path = KitaQueue_v2;
			sourceTree = "<group>";
		};
		7B5C125B39EA2972DA83C151 /* Simulation */ = {
			isa = PBXGroup;
			children = (
				BAF6EBB8129BE097B95EB3C6 /* BankValidator.swift */,
				B44EF78DCDDEF0E1AA50C57B /* CheckpointManager.swift */,
				F1828AFBE324E65FF3F2120F /* GameSimulation.swift */,
				34941E2150B068C5B0573B33 /* GateProcessor.swift */,
				7D4096F4EC4C0BEB7F579250 /* InteractionProcessor.swift */,
				A34BD95EF03A748CB034FB1A /* OperatorManager.swift */,
				C9DE3D33EA94593F9FE945D7 /* SpawnManager.swift */,
				8DFA7317D7C0F7ABE4CB6903 /* StarCalculator.swift */,
			);
			path = Simulation;
			sourceTree = "<group>";
		};
		7D74C0EDE5B8AAB99D6643DB /* KitaQueue_v2Tests */ = {
			isa = PBXGroup;
			children = (
				56099BF90468BAA65D9EAB60 /* AdPolicyTests.swift */,
				135562D7B8D6846552C11224 /* BankingTests.swift */,
				26D93DA4ADD552CBD7820057 /* CheckpointTests.swift */,
				C8B47C975C0ACD26A2C33B6F /* DeterminismTests.swift */,
				97E74B23D8815560609AEB8E /* GateTests.swift */,
				8D4E5AB1CA21499603DD5863 /* KitaQueueTests.swift */,
				1C7F73C31A0795749A83E13B /* LevelDataTests.swift */,
				03C8186A11CBEA9447CEBA3E /* LevelSolverTests.swift */,
				A0D2A1CA73115821A5E915B0 /* OperatorTests.swift */,
				C47EF165BF7D4CC0AF28714B /* SimulationTests.swift */,
			);
			path = KitaQueue_v2Tests;
			sourceTree = "<group>";
		};
		7D98A34F2DB37669C06C57E4 /* Recording */ = {
			isa = PBXGroup;
			children = (
				DC2B7F9B2C0637B7F8379EF6 /* GameStateHasher.swift */,
				EC3D14196FE273B0B79AE14F /* InputRecorder.swift */,
				58F4082E1B0DF31A108789D7 /* InputReplayer.swift */,
			);
			path = Recording;
			sourceTree = "<group>";
		};
		7E3EB66B8CB310EB15AAF8E5 /* Telemetry */ = {
			isa = PBXGroup;
			children = (
			);
			path = Telemetry;
			sourceTree = "<group>";
		};
		8CDB89177E384AA85F491961 /* VFX */ = {
			isa = PBXGroup;
			children = (
				CB20244A79CCF20772422BF3 /* HapticManager.swift */,
				EF52882FC99CABD851F805BD /* ParticleFactory.swift */,
				1A5CAC8EEECDDBFF44547AAE /* PlaceholderAssets.swift */,
				E3F3B1A1B63B2578027ED504 /* SoundManager.swift */,
			);
			path = VFX;
			sourceTree = "<group>";
		};
		AB91FE562ABC83C9567D467D /* GameEngine */ = {
			isa = PBXGroup;
			children = (
				3ACEA36B60E66593F0B1B997 /* Models */,
				7D98A34F2DB37669C06C57E4 /* Recording */,
				7B5C125B39EA2972DA83C151 /* Simulation */,
			);
			path = GameEngine;
			sourceTree = "<group>";
		};
		B43FC50C645875EFF407E8DC /* Levels */ = {
			isa = PBXGroup;
			children = (
				01E871EB42C4C0246173C553 /* level_001.json */,
				02AB0155E79F8F14212282CA /* level_002.json */,
				9E98DB7EC6EB4D0C51D1C379 /* level_003.json */,
				78603F7D5A4C3DBE387E31CB /* level_004.json */,
				BB33CD86904B8ABBC7CB2459 /* level_005.json */,
				C623322F63436E2447DB81A2 /* level_006.json */,
				2555987373BAB7D2F129A259 /* level_007.json */,
				4DD78A90C6BE9D5443EA1026 /* level_008.json */,
				330A8441D5E9A91F8D270BB9 /* level_009.json */,
				AAA75E072030FE13F7B9A469 /* level_010.json */,
				54A77DA33EF44B5FEB29DD63 /* LevelLoader.swift */,
			);
			path = Levels;
			sourceTree = "<group>";
		};
		BC55CEFC9A99C0803286E5A6 /* Products */ = {
			isa = PBXGroup;
			children = (
				A1D7CE37B026A213EFD5217C /* KitaQueue_v2.app */,
				86A55DBCED0B248C42EF1650 /* KitaQueue_v2Tests.xctest */,
			);
			name = Products;
			sourceTree = "<group>";
		};
		C6AEB919256BBDA1CEF626F1 /* IAP */ = {
			isa = PBXGroup;
			children = (
				59C527855E44F8202EF2A4AC /* IAPManager.swift */,
				E3EA3F33D8D7CF747C82D5AD /* IAPProducts.swift */,
			);
			path = IAP;
			sourceTree = "<group>";
		};
		CFA5B08C6D27ADD7CA4D9EF7 /* Shop */ = {
			isa = PBXGroup;
			children = (
				B01241E800483E295CB0A2FA /* ProductCardView.swift */,
				A94EB9DE96CA5DFAA9EA4512 /* ShopView.swift */,
			);
			path = Shop;
			sourceTree = "<group>";
		};
		D12FBDBD3457F352F1B38D5F /* Services */ = {
			isa = PBXGroup;
			children = (
				E54FC3285BC4BBE956166591 /* Ads */,
				C6AEB919256BBDA1CEF626F1 /* IAP */,
				44B3FBD64AFD641AD2198552 /* Persistence */,
				7E3EB66B8CB310EB15AAF8E5 /* Telemetry */,
			);
			path = Services;
			sourceTree = "<group>";
		};
		DFC391BDB9A35BAE3C2D4737 /* Common */ = {
			isa = PBXGroup;
			children = (
				AAA4B483A3C4E5773B2DD8D0 /* CopyModel.swift */,
			);
			path = Common;
			sourceTree = "<group>";
		};
		E54FC3285BC4BBE956166591 /* Ads */ = {
			isa = PBXGroup;
			children = (
				C99E0D703413173F1B834B48 /* AdManager.swift */,
				62A6394194A51A84D9D75E27 /* AdPolicy.swift */,
				27BD0A78B2AFF560ABDC40F1 /* AdProviding.swift */,
				F910F956C587EB1B7E393297 /* StubAdProvider.swift */,
			);
			path = Ads;
			sourceTree = "<group>";
		};
		F28CFE42D1EFCD477660470A /* Daily */ = {
			isa = PBXGroup;
			children = (
				E4CA8AB2A53309D0945BF882 /* DailyView.swift */,
				84EED85E77B166B8DD26E873 /* QuestRowView.swift */,
			);
			path = Daily;
			sourceTree = "<group>";
		};
		FA490C21A63FCB372F64CC8C = {
			isa = PBXGroup;
			children = (
				76B29948E8978286E4233B7C /* KitaQueue_v2 */,
				7D74C0EDE5B8AAB99D6643DB /* KitaQueue_v2Tests */,
				BC55CEFC9A99C0803286E5A6 /* Products */,
			);
			sourceTree = "<group>";
		};
		FA7875195D9906D09797CD1C /* Screens */ = {
			isa = PBXGroup;
			children = (
				F28CFE42D1EFCD477660470A /* Daily */,
				34590ABF41BBF1974FE1E5EA /* Play */,
				CFA5B08C6D27ADD7CA4D9EF7 /* Shop */,
			);
			path = Screens;
			sourceTree = "<group>";
		};
/* End PBXGroup section */

/* Begin PBXNativeTarget section */
		A6045BF52A17B8D5FC973A70 /* KitaQueue_v2 */ = {
			isa = PBXNativeTarget;
			buildConfigurationList = DB89F8B5B805CFB51ECF4AA2 /* Build configuration list for PBXNativeTarget "KitaQueue_v2" */;
			buildPhases = (
				5CBF2118F4D78CCF42C37882 /* Sources */,
				5D20159E8330638ED503A283 /* Resources */,
			);
			buildRules = (
			);
			dependencies = (
			);
			name = KitaQueue_v2;
			packageProductDependencies = (
			);
			productName = KitaQueue_v2;
			productReference = A1D7CE37B026A213EFD5217C /* KitaQueue_v2.app */;
			productType = "com.apple.product-type.application";
		};
		ADD1C176FA0E7FEDE1FA5CD9 /* KitaQueue_v2Tests */ = {
			isa = PBXNativeTarget;
			buildConfigurationList = 8637F1957D6C70B82A28C197 /* Build configuration list for PBXNativeTarget "KitaQueue_v2Tests" */;
			buildPhases = (
				1AA30EFF0A830732A444C462 /* Sources */,
			);
			buildRules = (
			);
			dependencies = (
				54B728B72E66D4DC7A2B8840 /* PBXTargetDependency */,
			);
			name = KitaQueue_v2Tests;
			packageProductDependencies = (
			);
			productName = KitaQueue_v2Tests;
			productReference = 86A55DBCED0B248C42EF1650 /* KitaQueue_v2Tests.xctest */;
			productType = "com.apple.product-type.bundle.unit-test";
		};
/* End PBXNativeTarget section */

/* Begin PBXProject section */
		F74938F59D05393A18B94737 /* Project object */ = {
			isa = PBXProject;
			attributes = {
				BuildIndependentTargetsInParallel = YES;
				LastUpgradeCheck = 1600;
				TargetAttributes = {
					A6045BF52A17B8D5FC973A70 = {
						ProvisioningStyle = Automatic;
					};
				};
			};
			buildConfigurationList = D227A6E7D7048E7510173B2D /* Build configuration list for PBXProject "KitaQueue_v2" */;
			compatibilityVersion = "Xcode 14.0";
			developmentRegion = en;
			hasScannedForEncodings = 0;
			knownRegions = (
				Base,
				en,
			);
			mainGroup = FA490C21A63FCB372F64CC8C;
			minimizedProjectReferenceProxies = 1;
			preferredProjectObjectVersion = 77;
			projectDirPath = "";
			projectRoot = "";
			targets = (
				A6045BF52A17B8D5FC973A70 /* KitaQueue_v2 */,
				ADD1C176FA0E7FEDE1FA5CD9 /* KitaQueue_v2Tests */,
			);
		};
/* End PBXProject section */

/* Begin PBXResourcesBuildPhase section */
		5D20159E8330638ED503A283 /* Resources */ = {
			isa = PBXResourcesBuildPhase;
			buildActionMask = 2147483647;
			files = (
				D768C4862956D247857AAB12 /* Assets.xcassets in Resources */,
				129FF894D449D9755FB70625 /* Gameplay.atlas in Resources */,
				55D5DCD7E3880970AA71FF3D /* Shell.atlas in Resources */,
				5623F9B5C3283FB0F285B773 /* level_001.json in Resources */,
				B9EAF433AE0B71173E607488 /* level_002.json in Resources */,
				5D879D6D436E2878838320AE /* level_003.json in Resources */,
				F74BD85C1D7994E47688D0A0 /* level_004.json in Resources */,
				58AECF7F49A806C5A80A6ABB /* level_005.json in Resources */,
				2906275980FF9E944D4DC3ED /* level_006.json in Resources */,
				16FFC57B4C0B0538260F8FD0 /* level_007.json in Resources */,
				7C18A4818013E29283BB99D4 /* level_008.json in Resources */,
				32E816AD8A251066195611A7 /* level_009.json in Resources */,
				D8CB51098CF48DF86C18C34A /* level_010.json in Resources */,
			);
			runOnlyForDeploymentPostprocessing = 0;
		};
/* End PBXResourcesBuildPhase section */

/* Begin PBXSourcesBuildPhase section */
		1AA30EFF0A830732A444C462 /* Sources */ = {
			isa = PBXSourcesBuildPhase;
			buildActionMask = 2147483647;
			files = (
				174EF0B777582638BCF0FD9E /* AdPolicyTests.swift in Sources */,
				F12039CEA5A3C6DFDF823B5B /* BankingTests.swift in Sources */,
				746F991A7BF6BA69C449DC7E /* CheckpointTests.swift in Sources */,
				DB4ED357DB82400C364E53B9 /* DeterminismTests.swift in Sources */,
				4D2D54A50BB0443E950B2DAD /* GateTests.swift in Sources */,
				12DC8B004121003C21B6F83C /* KitaQueueTests.swift in Sources */,
				AD9700C912AB9C9151557F8D /* LevelDataTests.swift in Sources */,
				5114BEAE613596408DFD19CC /* LevelSolverTests.swift in Sources */,
				7DD860DC1D4331E6D379869E /* OperatorTests.swift in Sources */,
				48BE22C8163297F10E3A8F0F /* SimulationTests.swift in Sources */,
			);
			runOnlyForDeploymentPostprocessing = 0;
		};
		5CBF2118F4D78CCF42C37882 /* Sources */ = {
			isa = PBXSourcesBuildPhase;
			buildActionMask = 2147483647;
			files = (
				7047DC0871D790F9E86555CB /* AdManager.swift in Sources */,
				998B67A13667A9D17DA08888 /* AdPolicy.swift in Sources */,
				65DD18C3624B6BDE076A4ED6 /* AdProviding.swift in Sources */,
				3D0BBDADD6395B28A9B1EFDE /* AppState.swift in Sources */,
				5582AE11C19A80A71F478065 /* BankNode.swift in Sources */,
				455B4940B238EEB39DDA47DB /* BankValidator.swift in Sources */,
				0597B9ABB5A9EB1C27DB95C6 /* BoundarySlot.swift in Sources */,
				0F6C98DD5D4AD798FF294347 /* CheckpointManager.swift in Sources */,
				DB20F043EDA964AD82C7AFD0 /* CopyModel.swift in Sources */,
				148C4AC110BF9EA1AEC5B8B4 /* DailyStateModel.swift in Sources */,
				B4399FF484AB614EB2CB6709 /* DailyView.swift in Sources */,
				38D5314986A4EF8AC79865AC /* FailOverlayView.swift in Sources */,
				61C16EF951ACC07DCD04DEE6 /* FailReason.swift in Sources */,
				041075AE50C5921AD5BB50B4 /* GameConstants.swift in Sources */,
				C5E7F02D579E7B34AD477CFD /* GameScene.swift in Sources */,
				6CC3A1F0C181229B70046F0F /* GameSceneCoordinator.swift in Sources */,
				49E21E91C91554142857FDA3 /* GameSimulation.swift in Sources */,
				0469684194DF9436A167389F /* GameState.swift in Sources */,
				706E8C2525698044DEB4FECA /* GameStateHasher.swift in Sources */,
				6C2319F1B3924D65D279369A /* GameplayContainerView.swift in Sources */,
				03EBD8FB973DF9B77025F604 /* Gate.swift in Sources */,
				2B82ECD6DFF2D906CE221C36 /* GateNode.swift in Sources */,
				5A7CBE5B7B27E45A3CFC0F9D /* GateProcessor.swift in Sources */,
				17AF4695DE487E0879D2BDB1 /* GhostPreviewNode.swift in Sources */,
				601E4795B273F2095D6D5871 /* HUDNode.swift in Sources */,
				90E354A0E78363CDACD760DA /* HapticManager.swift in Sources */,
				F7A0DA7145EFA0CBCA9D93DC /* IAPManager.swift in Sources */,
				843C70A5153CE4964E00AA1E /* IAPProducts.swift in Sources */,
				3837E924A3927A23FD1A8B18 /* InputRecorder.swift in Sources */,
				526B672616C6BEDF9EEBA6B2 /* InputReplayer.swift in Sources */,
				2E520D8133E74E87593EAEF0 /* InteractionProcessor.swift in Sources */,
				FB5C6185F473E62A8857BC3F /* KitaQueueApp.swift in Sources */,
				4B38E6DA597C9BB284107A62 /* LaneRailNode.swift in Sources */,
				272956CEFECCCA12BFAF1C37 /* LayoutCalculator.swift in Sources */,
				EA78CD366694D43DD610312C /* LevelData.swift in Sources */,
				0C4AE45F9D2F6B341B71D602 /* LevelLoader.swift in Sources */,
				F94DE0C173743E6B2E6DC8BF /* NinjaNode.swift in Sources */,
				40A1DD6447DFB2140E6E5951 /* Operator.swift in Sources */,
				3A830A084EF24A409F6D91F8 /* OperatorManager.swift in Sources */,
				32A44D5737EA8968259AF324 /* OperatorNode.swift in Sources */,
				438FD202A6976327D9C57ACE /* ParticleFactory.swift in Sources */,
				C19B791977FCDD766BF4450C /* PauseMenuView.swift in Sources */,
				E79740A5C1CD54D6B4932A19 /* PersistenceService.swift in Sources */,
				A188254DDD20D4292E6BAA0F /* PlaceholderAssets.swift in Sources */,
				825112B425F0264713FFF53B /* PlayHubView.swift in Sources */,
				16084B72C9B86603E5065D44 /* PlayerInput.swift in Sources */,
				A09CE8DEE29D850B9B14C8C7 /* PlayerProgression.swift in Sources */,
				D8A8C43BE467486533E2585F /* ProductCardView.swift in Sources */,
				BA52B694BCE0491945B59B74 /* QuestRowView.swift in Sources */,
				765C4EADB4A610406F07A488 /* RootTabView.swift in Sources */,
				19075BE9AA7CA37A78F92EC1 /* SettingsView.swift in Sources */,
				B33F08240789ED20D7EC1142 /* ShopView.swift in Sources */,
				ECD6C4117C69EB666838ED98 /* Shuriken.swift in Sources */,
				8ACF2507201395EC6C802BBE /* ShurikenColor.swift in Sources */,
				382973887BC676EA27B47732 /* ShurikenNode.swift in Sources */,
				ED34836198B5B647C64F205D /* SoundManager.swift in Sources */,
				A519B8CB2F782D0FA8632474 /* SpawnManager.swift in Sources */,
				2EBD2FD39922E65861634D5B /* SpawnStripNode.swift in Sources */,
				87345BB798972E8EEFBEB47E /* StarCalculator.swift in Sources */,
				334F5C471AD677C8CF0602B2 /* StubAdProvider.swift in Sources */,
				21A7394E142AA3CA8AE6098F /* TutorialOverlayNode.swift in Sources */,
				1C61A3AC7AB72605778AFECE /* UserSettings.swift in Sources */,
				D348ECC2FCADD2BE37CDBBA5 /* WinOverlayView.swift in Sources */,
			);
			runOnlyForDeploymentPostprocessing = 0;
		};
/* End PBXSourcesBuildPhase section */

/* Begin PBXTargetDependency section */
		54B728B72E66D4DC7A2B8840 /* PBXTargetDependency */ = {
			isa = PBXTargetDependency;
			target = A6045BF52A17B8D5FC973A70 /* KitaQueue_v2 */;
			targetProxy = 38BF91166FBE53AC0250B701 /* PBXContainerItemProxy */;
		};
/* End PBXTargetDependency section */

/* Begin XCBuildConfiguration section */
		06C607403FF89EE4DDBC7719 /* Debug */ = {
			isa = XCBuildConfiguration;
			buildSettings = {
				ALWAYS_SEARCH_USER_PATHS = NO;
				CLANG_ANALYZER_NONNULL = YES;
				CLANG_ANALYZER_NUMBER_OBJECT_CONVERSION = YES_AGGRESSIVE;
				CLANG_CXX_LANGUAGE_STANDARD = "gnu++14";
				CLANG_CXX_LIBRARY = "libc++";
				CLANG_ENABLE_MODULES = YES;
				CLANG_ENABLE_OBJC_ARC = YES;
				CLANG_ENABLE_OBJC_WEAK = YES;
				CLANG_WARN_BLOCK_CAPTURE_AUTORELEASING = YES;
				CLANG_WARN_BOOL_CONVERSION = YES;
				CLANG_WARN_COMMA = YES;
				CLANG_WARN_CONSTANT_CONVERSION = YES;
				CLANG_WARN_DEPRECATED_OBJC_IMPLEMENTATIONS = YES;
				CLANG_WARN_DIRECT_OBJC_ISA_USAGE = YES_ERROR;
				CLANG_WARN_DOCUMENTATION_COMMENTS = YES;
				CLANG_WARN_EMPTY_BODY = YES;
				CLANG_WARN_ENUM_CONVERSION = YES;
				CLANG_WARN_INFINITE_RECURSION = YES;
				CLANG_WARN_INT_CONVERSION = YES;
				CLANG_WARN_NON_LITERAL_NULL_CONVERSION = YES;
				CLANG_WARN_OBJC_IMPLICIT_RETAIN_SELF = YES;
				CLANG_WARN_OBJC_LITERAL_CONVERSION = YES;
				CLANG_WARN_OBJC_ROOT_CLASS = YES_ERROR;
				CLANG_WARN_QUOTED_INCLUDE_IN_FRAMEWORK_HEADER = YES;
				CLANG_WARN_RANGE_LOOP_ANALYSIS = YES;
				CLANG_WARN_STRICT_PROTOTYPES = YES;
				CLANG_WARN_SUSPICIOUS_MOVE = YES;
				CLANG_WARN_UNGUARDED_AVAILABILITY = YES_AGGRESSIVE;
				CLANG_WARN_UNREACHABLE_CODE = YES;
				CLANG_WARN__DUPLICATE_METHOD_MATCH = YES;
				CODE_SIGN_IDENTITY = "-";
				COPY_PHASE_STRIP = NO;
				CURRENT_PROJECT_VERSION = 1;
				DEBUG_INFORMATION_FORMAT = dwarf;
				ENABLE_STRICT_OBJC_MSGSEND = YES;
				ENABLE_TESTABILITY = YES;
				GCC_C_LANGUAGE_STANDARD = gnu11;
				GCC_DYNAMIC_NO_PIC = NO;
				GCC_NO_COMMON_BLOCKS = YES;
				GCC_OPTIMIZATION_LEVEL = 0;
				GCC_PREPROCESSOR_DEFINITIONS = (
					"$(inherited)",
					"DEBUG=1",
				);
				GCC_WARN_64_TO_32_BIT_CONVERSION = YES;
				GCC_WARN_ABOUT_RETURN_TYPE = YES_ERROR;
				GCC_WARN_UNDECLARED_SELECTOR = YES;
				GCC_WARN_UNINITIALIZED_AUTOS = YES_AGGRESSIVE;
				GCC_WARN_UNUSED_FUNCTION = YES;
				GCC_WARN_UNUSED_VARIABLE = YES;
				IPHONEOS_DEPLOYMENT_TARGET = 17.0;
				MARKETING_VERSION = 1.0.0;
				MTL_ENABLE_DEBUG_INFO = INCLUDE_SOURCE;
				MTL_FAST_MATH = YES;
				ONLY_ACTIVE_ARCH = YES;
				PRODUCT_NAME = "$(TARGET_NAME)";
				SDKROOT = iphoneos;
				SWIFT_ACTIVE_COMPILATION_CONDITIONS = DEBUG;
				SWIFT_OPTIMIZATION_LEVEL = "-Onone";
				SWIFT_STRICT_CONCURRENCY = complete;
				SWIFT_VERSION = 6.0;
			};
			name = Debug;
		};
		0F8F12AB547284E8B42D4CAD /* Release */ = {
			isa = XCBuildConfiguration;
			buildSettings = {
				BUNDLE_LOADER = "$(TEST_HOST)";
				GENERATE_INFOPLIST_FILE = YES;
				LD_RUNPATH_SEARCH_PATHS = (
					"$(inherited)",
					"@executable_path/Frameworks",
					"@loader_path/Frameworks",
				);
				PRODUCT_BUNDLE_IDENTIFIER = com.kitaqueue.slidinggates.tests;
				SDKROOT = iphoneos;
				TARGETED_DEVICE_FAMILY = "1,2";
				TEST_HOST = "$(BUILT_PRODUCTS_DIR)/KitaQueue_v2.app/$(BUNDLE_EXECUTABLE_FOLDER_PATH)/KitaQueue_v2";
			};
			name = Release;
		};
		29665DDC58E2C92D5ECAA4BC /* Debug */ = {
			isa = XCBuildConfiguration;
			buildSettings = {
				ASSETCATALOG_COMPILER_APPICON_NAME = AppIcon;
				CODE_SIGN_IDENTITY = "iPhone Developer";
				CODE_SIGN_STYLE = Automatic;
				ENABLE_PREVIEWS = YES;
				INFOPLIST_FILE = KitaQueue_v2/Info.plist;
				LD_RUNPATH_SEARCH_PATHS = (
					"$(inherited)",
					"@executable_path/Frameworks",
				);
				PRODUCT_BUNDLE_IDENTIFIER = com.kitaqueue.slidinggates;
				SDKROOT = iphoneos;
				SUPPORTS_XR_DESIGNED_FOR_IPHONE_IPAD = NO;
				TARGETED_DEVICE_FAMILY = "1,2";
			};
			name = Debug;
		};
		377CD5C648205FBFFAE2F1C4 /* Release */ = {
			isa = XCBuildConfiguration;
			buildSettings = {
				ALWAYS_SEARCH_USER_PATHS = NO;
				CLANG_ANALYZER_NONNULL = YES;
				CLANG_ANALYZER_NUMBER_OBJECT_CONVERSION = YES_AGGRESSIVE;
				CLANG_CXX_LANGUAGE_STANDARD = "gnu++14";
				CLANG_CXX_LIBRARY = "libc++";
				CLANG_ENABLE_MODULES = YES;
				CLANG_ENABLE_OBJC_ARC = YES;
				CLANG_ENABLE_OBJC_WEAK = YES;
				CLANG_WARN_BLOCK_CAPTURE_AUTORELEASING = YES;
				CLANG_WARN_BOOL_CONVERSION = YES;
				CLANG_WARN_COMMA = YES;
				CLANG_WARN_CONSTANT_CONVERSION = YES;
				CLANG_WARN_DEPRECATED_OBJC_IMPLEMENTATIONS = YES;
				CLANG_WARN_DIRECT_OBJC_ISA_USAGE = YES_ERROR;
				CLANG_WARN_DOCUMENTATION_COMMENTS = YES;
				CLANG_WARN_EMPTY_BODY = YES;
				CLANG_WARN_ENUM_CONVERSION = YES;
				CLANG_WARN_INFINITE_RECURSION = YES;
				CLANG_WARN_INT_CONVERSION = YES;
				CLANG_WARN_NON_LITERAL_NULL_CONVERSION = YES;
				CLANG_WARN_OBJC_IMPLICIT_RETAIN_SELF = YES;
				CLANG_WARN_OBJC_LITERAL_CONVERSION = YES;
				CLANG_WARN_OBJC_ROOT_CLASS = YES_ERROR;
				CLANG_WARN_QUOTED_INCLUDE_IN_FRAMEWORK_HEADER = YES;
				CLANG_WARN_RANGE_LOOP_ANALYSIS = YES;
				CLANG_WARN_STRICT_PROTOTYPES = YES;
				CLANG_WARN_SUSPICIOUS_MOVE = YES;
				CLANG_WARN_UNGUARDED_AVAILABILITY = YES_AGGRESSIVE;
				CLANG_WARN_UNREACHABLE_CODE = YES;
				CLANG_WARN__DUPLICATE_METHOD_MATCH = YES;
				COPY_PHASE_STRIP = NO;
				CURRENT_PROJECT_VERSION = 1;
				DEBUG_INFORMATION_FORMAT = "dwarf-with-dsym";
				ENABLE_NS_ASSERTIONS = NO;
				ENABLE_STRICT_OBJC_MSGSEND = YES;
				GCC_C_LANGUAGE_STANDARD = gnu11;
				GCC_NO_COMMON_BLOCKS = YES;
				GCC_WARN_64_TO_32_BIT_CONVERSION = YES;
				GCC_WARN_ABOUT_RETURN_TYPE = YES_ERROR;
				GCC_WARN_UNDECLARED_SELECTOR = YES;
				GCC_WARN_UNINITIALIZED_AUTOS = YES_AGGRESSIVE;
				GCC_WARN_UNUSED_FUNCTION = YES;
				GCC_WARN_UNUSED_VARIABLE = YES;
				IPHONEOS_DEPLOYMENT_TARGET = 17.0;
				MARKETING_VERSION = 1.0.0;
				MTL_ENABLE_DEBUG_INFO = NO;
				MTL_FAST_MATH = YES;
				PRODUCT_NAME = "$(TARGET_NAME)";
				SDKROOT = iphoneos;
				SWIFT_COMPILATION_MODE = wholemodule;
				SWIFT_OPTIMIZATION_LEVEL = "-O";
				SWIFT_STRICT_CONCURRENCY = complete;
				SWIFT_VERSION = 6.0;
			};
			name = Release;
		};
		951AC49775734430B4D97456 /* Debug */ = {
			isa = XCBuildConfiguration;
			buildSettings = {
				BUNDLE_LOADER = "$(TEST_HOST)";
				GENERATE_INFOPLIST_FILE = YES;
				LD_RUNPATH_SEARCH_PATHS = (
					"$(inherited)",
					"@executable_path/Frameworks",
					"@loader_path/Frameworks",
				);
				PRODUCT_BUNDLE_IDENTIFIER = com.kitaqueue.slidinggates.tests;
				SDKROOT = iphoneos;
				TARGETED_DEVICE_FAMILY = "1,2";
				TEST_HOST = "$(BUILT_PRODUCTS_DIR)/KitaQueue_v2.app/$(BUNDLE_EXECUTABLE_FOLDER_PATH)/KitaQueue_v2";
			};
			name = Debug;
		};
		B64492DC9C744915804BA3BB /* Release */ = {
			isa = XCBuildConfiguration;
			buildSettings = {
				ASSETCATALOG_COMPILER_APPICON_NAME = AppIcon;
				CODE_SIGN_IDENTITY = "iPhone Developer";
				CODE_SIGN_STYLE = Automatic;
				ENABLE_PREVIEWS = YES;
				INFOPLIST_FILE = KitaQueue_v2/Info.plist;
				LD_RUNPATH_SEARCH_PATHS = (
					"$(inherited)",
					"@executable_path/Frameworks",
				);
				PRODUCT_BUNDLE_IDENTIFIER = com.kitaqueue.slidinggates;
				SDKROOT = iphoneos;
				SUPPORTS_XR_DESIGNED_FOR_IPHONE_IPAD = NO;
				TARGETED_DEVICE_FAMILY = "1,2";
			};
			name = Release;
		};
/* End XCBuildConfiguration section */

/* Begin XCConfigurationList section */
		8637F1957D6C70B82A28C197 /* Build configuration list for PBXNativeTarget "KitaQueue_v2Tests" */ = {
			isa = XCConfigurationList;
			buildConfigurations = (
				951AC49775734430B4D97456 /* Debug */,
				0F8F12AB547284E8B42D4CAD /* Release */,
			);
			defaultConfigurationIsVisible = 0;
			defaultConfigurationName = Debug;
		};
		D227A6E7D7048E7510173B2D /* Build configuration list for PBXProject "KitaQueue_v2" */ = {
			isa = XCConfigurationList;
			buildConfigurations = (
				06C607403FF89EE4DDBC7719 /* Debug */,
				377CD5C648205FBFFAE2F1C4 /* Release */,
			);
			defaultConfigurationIsVisible = 0;
			defaultConfigurationName = Debug;
		};
		DB89F8B5B805CFB51ECF4AA2 /* Build configuration list for PBXNativeTarget "KitaQueue_v2" */ = {
			isa = XCConfigurationList;
			buildConfigurations = (
				29665DDC58E2C92D5ECAA4BC /* Debug */,
				B64492DC9C744915804BA3BB /* Release */,
			);
			defaultConfigurationIsVisible = 0;
			defaultConfigurationName = Debug;
		};
/* End XCConfigurationList section */
	};
	rootObject = F74938F59D05393A18B94737 /* Project object */;
}
